{
  "name": "tinvest-service-go",
  "lockfileVersion": 2,
  "requires": true,
  "packages": {
    "": {
      "dependencies": {
        "@ui5/webcomponents": "*"
      }
    },
    "node_modules/@sap-theming/theming-base-content": {
      "version": "11.1.19",
      "resolved": "https://registry.npmjs.org/@sap-theming/theming-base-content/-/theming-base-content-11.1.19.tgz",
      "integrity": "sha512-0RIoniX0XgQDMfMsySvNDeXVGtH3UQRQMkJYFIkaq/nrTGSyfXT9k+B4CbTf4546dyrlLM0YoaHIOtxmMsh1ZA=="
    },
    "node_modules/@ui5/webcomponents": {
      "version": "1.0.0-rc.12",
      "resolved": "https://registry.npmjs.org/@ui5/webcomponents/-/webcomponents-1.0.0-rc.12.tgz",
      "integrity": "sha512-z0rTvPpX3el2/k/NslvqUt/rGVWp+sMmlf15zRXrrGuZFXL5Lj4zE98bZT7VDbZDOh2yadDVX34AHhL92cB1XA==",
      "dependencies": {
        "@ui5/webcomponents-base": "0.30.0",
        "@ui5/webcomponents-icons": "1.0.0-rc.12",
        "@ui5/webcomponents-ie11": "0.30.0",
        "@ui5/webcomponents-localization": "0.30.0",
        "@ui5/webcomponents-theme-base": "1.0.0-rc.12"
      }
    },
    "node_modules/@ui5/webcomponents-base": {
      "version": "0.30.0",
      "resolved": "https://registry.npmjs.org/@ui5/webcomponents-base/-/webcomponents-base-0.30.0.tgz",
      "integrity": "sha512-AdjECi2pXv4Rt2sKYxJe27XOS4+nRl+fC6/Pr+JsREVDe9RzUGq03n15OEeOAmjnTzBb7kKG7nuMXlcFAfy97A==",
      "dependencies": {
        "lit-html": "^1.0.0"
      }
    },
    "node_modules/@ui5/webcomponents-icons": {
      "version": "1.0.0-rc.12",
      "resolved": "https://registry.npmjs.org/@ui5/webcomponents-icons/-/webcomponents-icons-1.0.0-rc.12.tgz",
      "integrity": "sha512-shEI37ZSmHbQ+8O3dgFcODmZAthWGe2v1cuz+vYo5Oesnxk0ltG9Mj2rZIbfTkxhx0Tmn77pGXld49mGlkyh+g==",
      "dependencies": {
        "@ui5/webcomponents-base": "0.30.0"
      }
    },
    "node_modules/@ui5/webcomponents-ie11": {
      "version": "0.30.0",
      "resolved": "https://registry.npmjs.org/@ui5/webcomponents-ie11/-/webcomponents-ie11-0.30.0.tgz",
      "integrity": "sha512-CyhQi4POx1ndCXwdBrRE94t1e4oxaUB43LByNjogPuqzVRYziQCrraF7hQP7OffEIafVd+ZUg9asv0IfUv4HDw==",
      "dependencies": {
        "@ui5/webcomponents-base": "0.30.0",
        "css-vars-ponyfill": "^2.1.2",
        "regenerator-runtime": "0.12.1",
        "url-search-params-polyfill": "^5.0.0"
      }
    },
    "node_modules/@ui5/webcomponents-localization": {
      "version": "0.30.0",
      "resolved": "https://registry.npmjs.org/@ui5/webcomponents-localization/-/webcomponents-localization-0.30.0.tgz",
      "integrity": "sha512-rJmDyPMTzxCBaP2IvK+/od9FUfpi+N2D86eiO0gUZlp1+qj+zc4iY86sKLyhOd61tlo0l6tU05xrFSoyBJ94AA==",
      "dependencies": {
        "@ui5/webcomponents-base": "0.30.0"
      }
    },
    "node_modules/@ui5/webcomponents-theme-base": {
      "version": "1.0.0-rc.12",
      "resolved": "https://registry.npmjs.org/@ui5/webcomponents-theme-base/-/webcomponents-theme-base-1.0.0-rc.12.tgz",
      "integrity": "sha512-NudQhb2z8XBs9vxMuA13rI/KNeZJsyaeo0QMF9IagMMN55aGV+z915Sd6IpZmDeE7rBv7+YjBtfAp4cB5KO+og==",
      "dependencies": {
        "@sap-theming/theming-base-content": "11.1.19",
        "@ui5/webcomponents-base": "0.30.0"
      }
    },
    "node_modules/css-vars-ponyfill": {
      "version": "2.4.3",
      "resolved": "https://registry.npmjs.org/css-vars-ponyfill/-/css-vars-ponyfill-2.4.3.tgz",
      "integrity": "sha512-PBfIwjSu27s8kebu8taEYFM8ehVr8o2Qw4H4nSlJzHAJgcduAqxz4oPmYTJuzgauOKaWII9SHWStQ965fxsdZA=="
    },
    "node_modules/lit-html": {
      "version": "1.3.0",
      "resolved": "https://registry.npmjs.org/lit-html/-/lit-html-1.3.0.tgz",
      "integrity": "sha512-0Q1bwmaFH9O14vycPHw8C/IeHMk/uSDldVLIefu/kfbTBGIc44KGH6A8p1bDfxUfHdc8q6Ct7kQklWoHgr4t1Q=="
    },
    "node_modules/regenerator-runtime": {
      "version": "0.12.1",
      "resolved": "https://registry.npmjs.org/regenerator-runtime/-/regenerator-runtime-0.12.1.tgz",
      "integrity": "sha512-odxIc1/vDlo4iZcfXqRYFj0vpXFNoGdKMAUieAlFYO6m/nl5e9KR/beGf41z4a1FI+aQgtjhuaSlDxQ0hmkrHg=="
    },
    "node_modules/url-search-params-polyfill": {
      "version": "5.1.0",
      "resolved": "https://registry.npmjs.org/url-search-params-polyfill/-/url-search-params-polyfill-5.1.0.tgz",
      "integrity": "sha512-yjFY7uw2xRf9e8Mg4ZVkZwtp8dMCC4cbBkEIZiTDpuSY2WJ9+Quw0wRhxncv32qaMQwmBQT+P847rO8PrFhhDA=="
    }
  },
  "dependencies": {
    "@sap-theming/theming-base-content": {
      "version": "11.1.19",
      "resolved": "https://registry.npmjs.org/@sap-theming/theming-base-content/-/theming-base-content-11.1.19.tgz",
      "integrity": "sha512-0RIoniX0XgQDMfMsySvNDeXVGtH3UQRQMkJYFIkaq/nrTGSyfXT9k+B4CbTf4546dyrlLM0YoaHIOtxmMsh1ZA=="
    },
    "@ui5/webcomponents": {
      "version": "1.0.0-rc.12",
      "resolved": "https://registry.npmjs.org/@ui5/webcomponents/-/webcomponents-1.0.0-rc.12.tgz",
      "integrity": "sha512-z0rTvPpX3el2/k/NslvqUt/rGVWp+sMmlf15zRXrrGuZFXL5Lj4zE98bZT7VDbZDOh2yadDVX34AHhL92cB1XA==",
      "requires": {
        "@ui5/webcomponents-base": "0.30.0",
        "@ui5/webcomponents-icons": "1.0.0-rc.12",
        "@ui5/webcomponents-ie11": "0.30.0",
        "@ui5/webcomponents-localization": "0.30.0",
        "@ui5/webcomponents-theme-base": "1.0.0-rc.12"
      }
    },
    "@ui5/webcomponents-base": {
      "version": "0.30.0",
      "resolved": "https://registry.npmjs.org/@ui5/webcomponents-base/-/webcomponents-base-0.30.0.tgz",
      "integrity": "sha512-AdjECi2pXv4Rt2sKYxJe27XOS4+nRl+fC6/Pr+JsREVDe9RzUGq03n15OEeOAmjnTzBb7kKG7nuMXlcFAfy97A==",
      "requires": {
        "lit-html": "^1.0.0"
      }
    },
    "@ui5/webcomponents-icons": {
      "version": "1.0.0-rc.12",
      "resolved": "https://registry.npmjs.org/@ui5/webcomponents-icons/-/webcomponents-icons-1.0.0-rc.12.tgz",
      "integrity": "sha512-shEI37ZSmHbQ+8O3dgFcODmZAthWGe2v1cuz+vYo5Oesnxk0ltG9Mj2rZIbfTkxhx0Tmn77pGXld49mGlkyh+g==",
      "requires": {
        "@ui5/webcomponents-base": "0.30.0"
      }
    },
    "@ui5/webcomponents-ie11": {
      "version": "0.30.0",
      "resolved": "https://registry.npmjs.org/@ui5/webcomponents-ie11/-/webcomponents-ie11-0.30.0.tgz",
      "integrity": "sha512-CyhQi4POx1ndCXwdBrRE94t1e4oxaUB43LByNjogPuqzVRYziQCrraF7hQP7OffEIafVd+ZUg9asv0IfUv4HDw==",
      "requires": {
        "@ui5/webcomponents-base": "0.30.0",
        "css-vars-ponyfill": "^2.1.2",
        "regenerator-runtime": "0.12.1",
        "url-search-params-polyfill": "^5.0.0"
      }
    },
    "@ui5/webcomponents-localization": {
      "version": "0.30.0",
      "resolved": "https://registry.npmjs.org/@ui5/webcomponents-localization/-/webcomponents-localization-0.30.0.tgz",
      "integrity": "sha512-rJmDyPMTzxCBaP2IvK+/od9FUfpi+N2D86eiO0gUZlp1+qj+zc4iY86sKLyhOd61tlo0l6tU05xrFSoyBJ94AA==",
      "requires": {
        "@ui5/webcomponents-base": "0.30.0"
      }
    },
    "@ui5/webcomponents-theme-base": {
      "version": "1.0.0-rc.12",
      "resolved": "https://registry.npmjs.org/@ui5/webcomponents-theme-base/-/webcomponents-theme-base-1.0.0-rc.12.tgz",
      "integrity": "sha512-NudQhb2z8XBs9vxMuA13rI/KNeZJsyaeo0QMF9IagMMN55aGV+z915Sd6IpZmDeE7rBv7+YjBtfAp4cB5KO+og==",
      "requires": {
        "@sap-theming/theming-base-content": "11.1.19",
        "@ui5/webcomponents-base": "0.30.0"
      }
    },
    "css-vars-ponyfill": {
      "version": "2.4.3",
      "resolved": "https://registry.npmjs.org/css-vars-ponyfill/-/css-vars-ponyfill-2.4.3.tgz",
      "integrity": "sha512-PBfIwjSu27s8kebu8taEYFM8ehVr8o2Qw4H4nSlJzHAJgcduAqxz4oPmYTJuzgauOKaWII9SHWStQ965fxsdZA=="
    },
    "lit-html": {
      "version": "1.3.0",
      "resolved": "https://registry.npmjs.org/lit-html/-/lit-html-1.3.0.tgz",
      "integrity": "sha512-0Q1bwmaFH9O14vycPHw8C/IeHMk/uSDldVLIefu/kfbTBGIc44KGH6A8p1bDfxUfHdc8q6Ct7kQklWoHgr4t1Q=="
    },
    "regenerator-runtime": {
      "version": "0.12.1",
      "resolved": "https://registry.npmjs.org/regenerator-runtime/-/regenerator-runtime-0.12.1.tgz",
      "integrity": "sha512-odxIc1/vDlo4iZcfXqRYFj0vpXFNoGdKMAUieAlFYO6m/nl5e9KR/beGf41z4a1FI+aQgtjhuaSlDxQ0hmkrHg=="
    },
    "url-search-params-polyfill": {
      "version": "5.1.0",
      "resolved": "https://registry.npmjs.org/url-search-params-polyfill/-/url-search-params-polyfill-5.1.0.tgz",
      "integrity": "sha512-yjFY7uw2xRf9e8Mg4ZVkZwtp8dMCC4cbBkEIZiTDpuSY2WJ9+Quw0wRhxncv32qaMQwmBQT+P847rO8PrFhhDA=="
    }
  }
}
